// !$*UTF8*$!
{
	archiveVersion = 1;
	classes = {
	};
	objectVersion = 51;
	objects = {

/* Begin PBXBuildFile section */
		1E8E1CD12309542700E8A8B4 /* AppDelegate.swift in Sources */ = {isa = PBXBuildFile; fileRef = 1E8E1CD02309542700E8A8B4 /* AppDelegate.swift */; };
		1E8E1CD32309542700E8A8B4 /* CurrencyViewController.swift in Sources */ = {isa = PBXBuildFile; fileRef = 1E8E1CD22309542700E8A8B4 /* CurrencyViewController.swift */; };
		1E8E1CD62309542700E8A8B4 /* Main.storyboard in Resources */ = {isa = PBXBuildFile; fileRef = 1E8E1CD42309542700E8A8B4 /* Main.storyboard */; };
		1E8E1CD82309542800E8A8B4 /* Assets.xcassets in Resources */ = {isa = PBXBuildFile; fileRef = 1E8E1CD72309542800E8A8B4 /* Assets.xcassets */; };
		1E8E1CDB2309542800E8A8B4 /* LaunchScreen.storyboard in Resources */ = {isa = PBXBuildFile; fileRef = 1E8E1CD92309542800E8A8B4 /* LaunchScreen.storyboard */; };
		1E8E1CE62309542800E8A8B4 /* GetCurrencyTests.swift in Sources */ = {isa = PBXBuildFile; fileRef = 1E8E1CE52309542800E8A8B4 /* GetCurrencyTests.swift */; };
		1E8E1CF12309542800E8A8B4 /* GetCurrencyUITests.swift in Sources */ = {isa = PBXBuildFile; fileRef = 1E8E1CF02309542800E8A8B4 /* GetCurrencyUITests.swift */; };
		1EF15FB623098246008A0088 /* CurrencyPickerViewController.swift in Sources */ = {isa = PBXBuildFile; fileRef = 1EF15FB523098246008A0088 /* CurrencyPickerViewController.swift */; };
		1EF15FB82309990F008A0088 /* CurrencyCollectionViewCell.swift in Sources */ = {isa = PBXBuildFile; fileRef = 1EF15FB72309990F008A0088 /* CurrencyCollectionViewCell.swift */; };
		1EF15FBB230ACFB7008A0088 /* CurrencyViewModel.swift in Sources */ = {isa = PBXBuildFile; fileRef = 1EF15FBA230ACFB7008A0088 /* CurrencyViewModel.swift */; };
		1EF15FBE230C4894008A0088 /* ExchangedCurrency.swift in Sources */ = {isa = PBXBuildFile; fileRef = 1EF15FBD230C4894008A0088 /* ExchangedCurrency.swift */; };
		1EF15FC0230D8C34008A0088 /* CurrencyRepository.swift in Sources */ = {isa = PBXBuildFile; fileRef = 1EF15FBF230D8C34008A0088 /* CurrencyRepository.swift */; };
		1EF15FE0230D8D22008A0088 /* APICurrencyRepository.swift in Sources */ = {isa = PBXBuildFile; fileRef = 1EF15FDF230D8D22008A0088 /* APICurrencyRepository.swift */; };
		6DBDCF504DC16597ECCE2ED6 /* Pods_GetCurrency_GetCurrencyUITests.framework in Frameworks */ = {isa = PBXBuildFile; fileRef = D83D5F163BD6B59589922919 /* Pods_GetCurrency_GetCurrencyUITests.framework */; };
		972EDB9B62AD54841245B5C9 /* Pods_GetCurrencyTests.framework in Frameworks */ = {isa = PBXBuildFile; fileRef = 24BE5691AB1ED5E0666D0EF1 /* Pods_GetCurrencyTests.framework */; };
		B152FE86919EB64E9933093C /* Pods_GetCurrency.framework in Frameworks */ = {isa = PBXBuildFile; fileRef = 04270FE8E5D7E1867C377B46 /* Pods_GetCurrency.framework */; };
/* End PBXBuildFile section */

/* Begin PBXContainerItemProxy section */
		1E8E1CE22309542800E8A8B4 /* PBXContainerItemProxy */ = {
			isa = PBXContainerItemProxy;
			containerPortal = 1E8E1CC52309542700E8A8B4 /* Project object */;
			proxyType = 1;
			remoteGlobalIDString = 1E8E1CCC2309542700E8A8B4;
			remoteInfo = GetCurrency;
		};
		1E8E1CED2309542800E8A8B4 /* PBXContainerItemProxy */ = {
			isa = PBXContainerItemProxy;
			containerPortal = 1E8E1CC52309542700E8A8B4 /* Project object */;
			proxyType = 1;
			remoteGlobalIDString = 1E8E1CCC2309542700E8A8B4;
			remoteInfo = GetCurrency;
		};
/* End PBXContainerItemProxy section */

/* Begin PBXFileReference section */
		04270FE8E5D7E1867C377B46 /* Pods_GetCurrency.framework */ = {isa = PBXFileReference; explicitFileType = wrapper.framework; includeInIndex = 0; path = Pods_GetCurrency.framework; sourceTree = BUILT_PRODUCTS_DIR; };
		1E8E1CCD2309542700E8A8B4 /* GetCurrency.app */ = {isa = PBXFileReference; explicitFileType = wrapper.application; includeInIndex = 0; path = GetCurrency.app; sourceTree = BUILT_PRODUCTS_DIR; };
		1E8E1CD02309542700E8A8B4 /* AppDelegate.swift */ = {isa = PBXFileReference; lastKnownFileType = sourcecode.swift; path = AppDelegate.swift; sourceTree = "<group>"; };
		1E8E1CD22309542700E8A8B4 /* CurrencyViewController.swift */ = {isa = PBXFileReference; lastKnownFileType = sourcecode.swift; path = CurrencyViewController.swift; sourceTree = "<group>"; };
		1E8E1CD52309542700E8A8B4 /* Base */ = {isa = PBXFileReference; lastKnownFileType = file.storyboard; name = Base; path = Base.lproj/Main.storyboard; sourceTree = "<group>"; };
		1E8E1CD72309542800E8A8B4 /* Assets.xcassets */ = {isa = PBXFileReference; lastKnownFileType = folder.assetcatalog; path = Assets.xcassets; sourceTree = "<group>"; };
		1E8E1CDA2309542800E8A8B4 /* Base */ = {isa = PBXFileReference; lastKnownFileType = file.storyboard; name = Base; path = Base.lproj/LaunchScreen.storyboard; sourceTree = "<group>"; };
		1E8E1CDC2309542800E8A8B4 /* Info.plist */ = {isa = PBXFileReference; lastKnownFileType = text.plist.xml; path = Info.plist; sourceTree = "<group>"; };
		1E8E1CE12309542800E8A8B4 /* GetCurrencyTests.xctest */ = {isa = PBXFileReference; explicitFileType = wrapper.cfbundle; includeInIndex = 0; path = GetCurrencyTests.xctest; sourceTree = BUILT_PRODUCTS_DIR; };
		1E8E1CE52309542800E8A8B4 /* GetCurrencyTests.swift */ = {isa = PBXFileReference; lastKnownFileType = sourcecode.swift; path = GetCurrencyTests.swift; sourceTree = "<group>"; };
		1E8E1CE72309542800E8A8B4 /* Info.plist */ = {isa = PBXFileReference; lastKnownFileType = text.plist.xml; path = Info.plist; sourceTree = "<group>"; };
		1E8E1CEC2309542800E8A8B4 /* GetCurrencyUITests.xctest */ = {isa = PBXFileReference; explicitFileType = wrapper.cfbundle; includeInIndex = 0; path = GetCurrencyUITests.xctest; sourceTree = BUILT_PRODUCTS_DIR; };
		1E8E1CF02309542800E8A8B4 /* GetCurrencyUITests.swift */ = {isa = PBXFileReference; lastKnownFileType = sourcecode.swift; path = GetCurrencyUITests.swift; sourceTree = "<group>"; };
		1E8E1CF22309542800E8A8B4 /* Info.plist */ = {isa = PBXFileReference; lastKnownFileType = text.plist.xml; path = Info.plist; sourceTree = "<group>"; };
		1EF15FB523098246008A0088 /* CurrencyPickerViewController.swift */ = {isa = PBXFileReference; lastKnownFileType = sourcecode.swift; path = CurrencyPickerViewController.swift; sourceTree = "<group>"; };
		1EF15FB72309990F008A0088 /* CurrencyCollectionViewCell.swift */ = {isa = PBXFileReference; lastKnownFileType = sourcecode.swift; path = CurrencyCollectionViewCell.swift; sourceTree = "<group>"; };
		1EF15FBA230ACFB7008A0088 /* CurrencyViewModel.swift */ = {isa = PBXFileReference; lastKnownFileType = sourcecode.swift; path = CurrencyViewModel.swift; sourceTree = "<group>"; };
		1EF15FBD230C4894008A0088 /* ExchangedCurrency.swift */ = {isa = PBXFileReference; lastKnownFileType = sourcecode.swift; path = ExchangedCurrency.swift; sourceTree = "<group>"; };
		1EF15FBF230D8C34008A0088 /* CurrencyRepository.swift */ = {isa = PBXFileReference; lastKnownFileType = sourcecode.swift; path = CurrencyRepository.swift; sourceTree = "<group>"; };
		1EF15FDF230D8D22008A0088 /* APICurrencyRepository.swift */ = {isa = PBXFileReference; lastKnownFileType = sourcecode.swift; path = APICurrencyRepository.swift; sourceTree = "<group>"; };
		24BE5691AB1ED5E0666D0EF1 /* Pods_GetCurrencyTests.framework */ = {isa = PBXFileReference; explicitFileType = wrapper.framework; includeInIndex = 0; path = Pods_GetCurrencyTests.framework; sourceTree = BUILT_PRODUCTS_DIR; };
		2EB841DFAC0FAAD8C67141AA /* Pods-GetCurrencyTests.release.xcconfig */ = {isa = PBXFileReference; includeInIndex = 1; lastKnownFileType = text.xcconfig; name = "Pods-GetCurrencyTests.release.xcconfig"; path = "Target Support Files/Pods-GetCurrencyTests/Pods-GetCurrencyTests.release.xcconfig"; sourceTree = "<group>"; };
		5F4E20EFD2F5FDDC51FB17EC /* Pods-GetCurrency-GetCurrencyUITests.release.xcconfig */ = {isa = PBXFileReference; includeInIndex = 1; lastKnownFileType = text.xcconfig; name = "Pods-GetCurrency-GetCurrencyUITests.release.xcconfig"; path = "Target Support Files/Pods-GetCurrency-GetCurrencyUITests/Pods-GetCurrency-GetCurrencyUITests.release.xcconfig"; sourceTree = "<group>"; };
		B1881528F6C2E53431059996 /* Pods-GetCurrencyTests.debug.xcconfig */ = {isa = PBXFileReference; includeInIndex = 1; lastKnownFileType = text.xcconfig; name = "Pods-GetCurrencyTests.debug.xcconfig"; path = "Target Support Files/Pods-GetCurrencyTests/Pods-GetCurrencyTests.debug.xcconfig"; sourceTree = "<group>"; };
		B1FE79712F128448A53A2933 /* Pods-GetCurrency-GetCurrencyUITests.debug.xcconfig */ = {isa = PBXFileReference; includeInIndex = 1; lastKnownFileType = text.xcconfig; name = "Pods-GetCurrency-GetCurrencyUITests.debug.xcconfig"; path = "Target Support Files/Pods-GetCurrency-GetCurrencyUITests/Pods-GetCurrency-GetCurrencyUITests.debug.xcconfig"; sourceTree = "<group>"; };
		B2E3D0A12201BFD72811A548 /* Pods-GetCurrencyUITests.release.xcconfig */ = {isa = PBXFileReference; includeInIndex = 1; lastKnownFileType = text.xcconfig; name = "Pods-GetCurrencyUITests.release.xcconfig"; path = "Target Support Files/Pods-GetCurrencyUITests/Pods-GetCurrencyUITests.release.xcconfig"; sourceTree = "<group>"; };
		C330ADE3ACCAF5961C71FAB0 /* Pods-GetCurrency.release.xcconfig */ = {isa = PBXFileReference; includeInIndex = 1; lastKnownFileType = text.xcconfig; name = "Pods-GetCurrency.release.xcconfig"; path = "Target Support Files/Pods-GetCurrency/Pods-GetCurrency.release.xcconfig"; sourceTree = "<group>"; };
		D83D5F163BD6B59589922919 /* Pods_GetCurrency_GetCurrencyUITests.framework */ = {isa = PBXFileReference; explicitFileType = wrapper.framework; includeInIndex = 0; path = Pods_GetCurrency_GetCurrencyUITests.framework; sourceTree = BUILT_PRODUCTS_DIR; };
		E12DD1C2666C1E1678FFD81C /* Pods-GetCurrencyUITests.debug.xcconfig */ = {isa = PBXFileReference; includeInIndex = 1; lastKnownFileType = text.xcconfig; name = "Pods-GetCurrencyUITests.debug.xcconfig"; path = "Target Support Files/Pods-GetCurrencyUITests/Pods-GetCurrencyUITests.debug.xcconfig"; sourceTree = "<group>"; };
		E8C67F83A7CB7D2594487BA2 /* Pods-GetCurrency.debug.xcconfig */ = {isa = PBXFileReference; includeInIndex = 1; lastKnownFileType = text.xcconfig; name = "Pods-GetCurrency.debug.xcconfig"; path = "Target Support Files/Pods-GetCurrency/Pods-GetCurrency.debug.xcconfig"; sourceTree = "<group>"; };
/* End PBXFileReference section */

/* Begin PBXFrameworksBuildPhase section */
		1E8E1CCA2309542700E8A8B4 /* Frameworks */ = {
			isa = PBXFrameworksBuildPhase;
			buildActionMask = 2147483647;
			files = (
				B152FE86919EB64E9933093C /* Pods_GetCurrency.framework in Frameworks */,
			);
			runOnlyForDeploymentPostprocessing = 0;
		};
		1E8E1CDE2309542800E8A8B4 /* Frameworks */ = {
			isa = PBXFrameworksBuildPhase;
			buildActionMask = 2147483647;
			files = (
				972EDB9B62AD54841245B5C9 /* Pods_GetCurrencyTests.framework in Frameworks */,
			);
			runOnlyForDeploymentPostprocessing = 0;
		};
		1E8E1CE92309542800E8A8B4 /* Frameworks */ = {
			isa = PBXFrameworksBuildPhase;
			buildActionMask = 2147483647;
			files = (
				6DBDCF504DC16597ECCE2ED6 /* Pods_GetCurrency_GetCurrencyUITests.framework in Frameworks */,
			);
			runOnlyForDeploymentPostprocessing = 0;
		};
/* End PBXFrameworksBuildPhase section */

/* Begin PBXGroup section */
		1E8E1CC42309542700E8A8B4 = {
			isa = PBXGroup;
			children = (
				1E8E1CCF2309542700E8A8B4 /* GetCurrency */,
				1E8E1CE42309542800E8A8B4 /* GetCurrencyTests */,
				1E8E1CEF2309542800E8A8B4 /* GetCurrencyUITests */,
				1E8E1CCE2309542700E8A8B4 /* Products */,
				BC9A06A86F2B4D340D4DCF9C /* Pods */,
				BA4DE02AAE27E7E412874E58 /* Frameworks */,
			);
			sourceTree = "<group>";
		};
		1E8E1CCE2309542700E8A8B4 /* Products */ = {
			isa = PBXGroup;
			children = (
				1E8E1CCD2309542700E8A8B4 /* GetCurrency.app */,
				1E8E1CE12309542800E8A8B4 /* GetCurrencyTests.xctest */,
				1E8E1CEC2309542800E8A8B4 /* GetCurrencyUITests.xctest */,
			);
			name = Products;
			sourceTree = "<group>";
		};
		1E8E1CCF2309542700E8A8B4 /* GetCurrency */ = {
			isa = PBXGroup;
			children = (
				1E8E1CD02309542700E8A8B4 /* AppDelegate.swift */,
				1EF15FB423098205008A0088 /* View */,
				1EF15FB9230ACFA6008A0088 /* ViewModel */,
				1EF15FBC230C4882008A0088 /* Model */,
				1EF15FDE230D8D0D008A0088 /* Data */,
				1E8E1CD42309542700E8A8B4 /* Main.storyboard */,
				1E8E1CD72309542800E8A8B4 /* Assets.xcassets */,
				1E8E1CD92309542800E8A8B4 /* LaunchScreen.storyboard */,
				1E8E1CDC2309542800E8A8B4 /* Info.plist */,
			);
			path = GetCurrency;
			sourceTree = "<group>";
		};
		1E8E1CE42309542800E8A8B4 /* GetCurrencyTests */ = {
			isa = PBXGroup;
			children = (
				1E8E1CE52309542800E8A8B4 /* GetCurrencyTests.swift */,
				1E8E1CE72309542800E8A8B4 /* Info.plist */,
			);
			path = GetCurrencyTests;
			sourceTree = "<group>";
		};
		1E8E1CEF2309542800E8A8B4 /* GetCurrencyUITests */ = {
			isa = PBXGroup;
			children = (
				1E8E1CF02309542800E8A8B4 /* GetCurrencyUITests.swift */,
				1E8E1CF22309542800E8A8B4 /* Info.plist */,
			);
			path = GetCurrencyUITests;
			sourceTree = "<group>";
		};
		1EF15FB423098205008A0088 /* View */ = {
			isa = PBXGroup;
			children = (
				1E8E1CD22309542700E8A8B4 /* CurrencyViewController.swift */,
				1EF15FB523098246008A0088 /* CurrencyPickerViewController.swift */,
				1EF15FB72309990F008A0088 /* CurrencyCollectionViewCell.swift */,
			);
			path = View;
			sourceTree = "<group>";
		};
		1EF15FB9230ACFA6008A0088 /* ViewModel */ = {
			isa = PBXGroup;
			children = (
				1EF15FBA230ACFB7008A0088 /* CurrencyViewModel.swift */,
			);
			path = ViewModel;
			sourceTree = "<group>";
		};
		1EF15FBC230C4882008A0088 /* Model */ = {
			isa = PBXGroup;
			children = (
				1EF15FBD230C4894008A0088 /* ExchangedCurrency.swift */,
				1EF15FBF230D8C34008A0088 /* CurrencyRepository.swift */,
			);
			name = Model;
			path = GetCurrency/Model;
			sourceTree = SOURCE_ROOT;
		};
		1EF15FDE230D8D0D008A0088 /* Data */ = {
			isa = PBXGroup;
			children = (
				1EF15FDF230D8D22008A0088 /* APICurrencyRepository.swift */,
			);
			path = Data;
			sourceTree = "<group>";
		};
		BA4DE02AAE27E7E412874E58 /* Frameworks */ = {
			isa = PBXGroup;
			children = (
				04270FE8E5D7E1867C377B46 /* Pods_GetCurrency.framework */,
				24BE5691AB1ED5E0666D0EF1 /* Pods_GetCurrencyTests.framework */,
				D83D5F163BD6B59589922919 /* Pods_GetCurrency_GetCurrencyUITests.framework */,
			);
			name = Frameworks;
			sourceTree = "<group>";
		};
		BC9A06A86F2B4D340D4DCF9C /* Pods */ = {
			isa = PBXGroup;
			children = (
				E8C67F83A7CB7D2594487BA2 /* Pods-GetCurrency.debug.xcconfig */,
				C330ADE3ACCAF5961C71FAB0 /* Pods-GetCurrency.release.xcconfig */,
				B1881528F6C2E53431059996 /* Pods-GetCurrencyTests.debug.xcconfig */,
				2EB841DFAC0FAAD8C67141AA /* Pods-GetCurrencyTests.release.xcconfig */,
				E12DD1C2666C1E1678FFD81C /* Pods-GetCurrencyUITests.debug.xcconfig */,
				B2E3D0A12201BFD72811A548 /* Pods-GetCurrencyUITests.release.xcconfig */,
				B1FE79712F128448A53A2933 /* Pods-GetCurrency-GetCurrencyUITests.debug.xcconfig */,
				5F4E20EFD2F5FDDC51FB17EC /* Pods-GetCurrency-GetCurrencyUITests.release.xcconfig */,
			);
			path = Pods;
			sourceTree = "<group>";
		};
/* End PBXGroup section */

/* Begin PBXNativeTarget section */
		1E8E1CCC2309542700E8A8B4 /* GetCurrency */ = {
			isa = PBXNativeTarget;
			buildConfigurationList = 1E8E1CF52309542800E8A8B4 /* Build configuration list for PBXNativeTarget "GetCurrency" */;
			buildPhases = (
				446130DE79007CF40E1C56B9 /* [CP] Check Pods Manifest.lock */,
				1E8E1CC92309542700E8A8B4 /* Sources */,
				1E8E1CCA2309542700E8A8B4 /* Frameworks */,
				1E8E1CCB2309542700E8A8B4 /* Resources */,
				0B30BDB6086B44CB95BF0E00 /* [CP] Embed Pods Frameworks */,
			);
			buildRules = (
			);
			dependencies = (
			);
			name = GetCurrency;
			productName = GetCurrency;
			productReference = 1E8E1CCD2309542700E8A8B4 /* GetCurrency.app */;
			productType = "com.apple.product-type.application";
		};
		1E8E1CE02309542800E8A8B4 /* GetCurrencyTests */ = {
			isa = PBXNativeTarget;
			buildConfigurationList = 1E8E1CF82309542800E8A8B4 /* Build configuration list for PBXNativeTarget "GetCurrencyTests" */;
			buildPhases = (
				2905C25F342E0DEAEE0278C3 /* [CP] Check Pods Manifest.lock */,
				1E8E1CDD2309542800E8A8B4 /* Sources */,
				1E8E1CDE2309542800E8A8B4 /* Frameworks */,
				1E8E1CDF2309542800E8A8B4 /* Resources */,
			);
			buildRules = (
			);
			dependencies = (
				1E8E1CE32309542800E8A8B4 /* PBXTargetDependency */,
			);
			name = GetCurrencyTests;
			productName = GetCurrencyTests;
			productReference = 1E8E1CE12309542800E8A8B4 /* GetCurrencyTests.xctest */;
			productType = "com.apple.product-type.bundle.unit-test";
		};
		1E8E1CEB2309542800E8A8B4 /* GetCurrencyUITests */ = {
			isa = PBXNativeTarget;
			buildConfigurationList = 1E8E1CFB2309542800E8A8B4 /* Build configuration list for PBXNativeTarget "GetCurrencyUITests" */;
			buildPhases = (
				3C0CA2CB359AE1C80F7D1875 /* [CP] Check Pods Manifest.lock */,
				1E8E1CE82309542800E8A8B4 /* Sources */,
				1E8E1CE92309542800E8A8B4 /* Frameworks */,
				1E8E1CEA2309542800E8A8B4 /* Resources */,
				CAC1934F462266E16F2D6734 /* [CP] Embed Pods Frameworks */,
			);
			buildRules = (
			);
			dependencies = (
				1E8E1CEE2309542800E8A8B4 /* PBXTargetDependency */,
			);
			name = GetCurrencyUITests;
			productName = GetCurrencyUITests;
			productReference = 1E8E1CEC2309542800E8A8B4 /* GetCurrencyUITests.xctest */;
			productType = "com.apple.product-type.bundle.ui-testing";
		};
/* End PBXNativeTarget section */

/* Begin PBXProject section */
		1E8E1CC52309542700E8A8B4 /* Project object */ = {
			isa = PBXProject;
			attributes = {
				LastSwiftUpdateCheck = 1030;
				LastUpgradeCheck = 1030;
				ORGANIZATIONNAME = "Kouki Saito";
				TargetAttributes = {
					1E8E1CCC2309542700E8A8B4 = {
						CreatedOnToolsVersion = 10.3;
					};
					1E8E1CE02309542800E8A8B4 = {
						CreatedOnToolsVersion = 10.3;
						TestTargetID = 1E8E1CCC2309542700E8A8B4;
					};
					1E8E1CEB2309542800E8A8B4 = {
						CreatedOnToolsVersion = 10.3;
						TestTargetID = 1E8E1CCC2309542700E8A8B4;
					};
				};
			};
			buildConfigurationList = 1E8E1CC82309542700E8A8B4 /* Build configuration list for PBXProject "GetCurrency" */;
			compatibilityVersion = "Xcode 9.3";
			developmentRegion = en;
			hasScannedForEncodings = 0;
			knownRegions = (
				en,
				Base,
			);
			mainGroup = 1E8E1CC42309542700E8A8B4;
			productRefGroup = 1E8E1CCE2309542700E8A8B4 /* Products */;
			projectDirPath = "";
			projectRoot = "";
			targets = (
				1E8E1CCC2309542700E8A8B4 /* GetCurrency */,
				1E8E1CE02309542800E8A8B4 /* GetCurrencyTests */,
				1E8E1CEB2309542800E8A8B4 /* GetCurrencyUITests */,
			);
		};
/* End PBXProject section */

/* Begin PBXResourcesBuildPhase section */
		1E8E1CCB2309542700E8A8B4 /* Resources */ = {
			isa = PBXResourcesBuildPhase;
			buildActionMask = 2147483647;
			files = (
				1E8E1CDB2309542800E8A8B4 /* LaunchScreen.storyboard in Resources */,
				1E8E1CD82309542800E8A8B4 /* Assets.xcassets in Resources */,
				1E8E1CD62309542700E8A8B4 /* Main.storyboard in Resources */,
			);
			runOnlyForDeploymentPostprocessing = 0;
		};
		1E8E1CDF2309542800E8A8B4 /* Resources */ = {
			isa = PBXResourcesBuildPhase;
			buildActionMask = 2147483647;
			files = (
			);
			runOnlyForDeploymentPostprocessing = 0;
		};
		1E8E1CEA2309542800E8A8B4 /* Resources */ = {
			isa = PBXResourcesBuildPhase;
			buildActionMask = 2147483647;
			files = (
			);
			runOnlyForDeploymentPostprocessing = 0;
		};
/* End PBXResourcesBuildPhase section */

/* Begin PBXShellScriptBuildPhase section */
		0B30BDB6086B44CB95BF0E00 /* [CP] Embed Pods Frameworks */ = {
			isa = PBXShellScriptBuildPhase;
			buildActionMask = 2147483647;
			files = (
			);
			inputFileListPaths = (
				"${PODS_ROOT}/Target Support Files/Pods-GetCurrency/Pods-GetCurrency-frameworks-${CONFIGURATION}-input-files.xcfilelist",
			);
			name = "[CP] Embed Pods Frameworks";
			outputFileListPaths = (
				"${PODS_ROOT}/Target Support Files/Pods-GetCurrency/Pods-GetCurrency-frameworks-${CONFIGURATION}-output-files.xcfilelist",
			);
			runOnlyForDeploymentPostprocessing = 0;
			shellPath = /bin/sh;
			shellScript = "\"${PODS_ROOT}/Target Support Files/Pods-GetCurrency/Pods-GetCurrency-frameworks.sh\"\n";
			showEnvVarsInLog = 0;
		};
		2905C25F342E0DEAEE0278C3 /* [CP] Check Pods Manifest.lock */ = {
			isa = PBXShellScriptBuildPhase;
			buildActionMask = 2147483647;
			files = (
			);
			inputFileListPaths = (
			);
			inputPaths = (
				"${PODS_PODFILE_DIR_PATH}/Podfile.lock",
				"${PODS_ROOT}/Manifest.lock",
			);
			name = "[CP] Check Pods Manifest.lock";
			outputFileListPaths = (
			);
			outputPaths = (
				"$(DERIVED_FILE_DIR)/Pods-GetCurrencyTests-checkManifestLockResult.txt",
			);
			runOnlyForDeploymentPostprocessing = 0;
			shellPath = /bin/sh;
			shellScript = "diff \"${PODS_PODFILE_DIR_PATH}/Podfile.lock\" \"${PODS_ROOT}/Manifest.lock\" > /dev/null\nif [ $? != 0 ] ; then\n    # print error to STDERR\n    echo \"error: The sandbox is not in sync with the Podfile.lock. Run 'pod install' or update your CocoaPods installation.\" >&2\n    exit 1\nfi\n# This output is used by Xcode 'outputs' to avoid re-running this script phase.\necho \"SUCCESS\" > \"${SCRIPT_OUTPUT_FILE_0}\"\n";
			showEnvVarsInLog = 0;
		};
		3C0CA2CB359AE1C80F7D1875 /* [CP] Check Pods Manifest.lock */ = {
			isa = PBXShellScriptBuildPhase;
			buildActionMask = 2147483647;
			files = (
			);
			inputFileListPaths = (
			);
			inputPaths = (
				"${PODS_PODFILE_DIR_PATH}/Podfile.lock",
				"${PODS_ROOT}/Manifest.lock",
			);
			name = "[CP] Check Pods Manifest.lock";
			outputFileListPaths = (
			);
			outputPaths = (
				"$(DERIVED_FILE_DIR)/Pods-GetCurrency-GetCurrencyUITests-checkManifestLockResult.txt",
			);
			runOnlyForDeploymentPostprocessing = 0;
			shellPath = /bin/sh;
			shellScript = "diff \"${PODS_PODFILE_DIR_PATH}/Podfile.lock\" \"${PODS_ROOT}/Manifest.lock\" > /dev/null\nif [ $? != 0 ] ; then\n    # print error to STDERR\n    echo \"error: The sandbox is not in sync with the Podfile.lock. Run 'pod install' or update your CocoaPods installation.\" >&2\n    exit 1\nfi\n# This output is used by Xcode 'outputs' to avoid re-running this script phase.\necho \"SUCCESS\" > \"${SCRIPT_OUTPUT_FILE_0}\"\n";
			showEnvVarsInLog = 0;
		};
		446130DE79007CF40E1C56B9 /* [CP] Check Pods Manifest.lock */ = {
			isa = PBXShellScriptBuildPhase;
			buildActionMask = 2147483647;
			files = (
			);
			inputFileListPaths = (
			);
			inputPaths = (
				"${PODS_PODFILE_DIR_PATH}/Podfile.lock",
				"${PODS_ROOT}/Manifest.lock",
			);
			name = "[CP] Check Pods Manifest.lock";
			outputFileListPaths = (
			);
			outputPaths = (
				"$(DERIVED_FILE_DIR)/Pods-GetCurrency-checkManifestLockResult.txt",
			);
			runOnlyForDeploymentPostprocessing = 0;
			shellPath = /bin/sh;
			shellScript = "diff \"${PODS_PODFILE_DIR_PATH}/Podfile.lock\" \"${PODS_ROOT}/Manifest.lock\" > /dev/null\nif [ $? != 0 ] ; then\n    # print error to STDERR\n    echo \"error: The sandbox is not in sync with the Podfile.lock. Run 'pod install' or update your CocoaPods installation.\" >&2\n    exit 1\nfi\n# This output is used by Xcode 'outputs' to avoid re-running this script phase.\necho \"SUCCESS\" > \"${SCRIPT_OUTPUT_FILE_0}\"\n";
			showEnvVarsInLog = 0;
		};
		CAC1934F462266E16F2D6734 /* [CP] Embed Pods Frameworks */ = {
			isa = PBXShellScriptBuildPhase;
			buildActionMask = 2147483647;
			files = (
			);
			inputFileListPaths = (
				"${PODS_ROOT}/Target Support Files/Pods-GetCurrency-GetCurrencyUITests/Pods-GetCurrency-GetCurrencyUITests-frameworks-${CONFIGURATION}-input-files.xcfilelist",
			);
			name = "[CP] Embed Pods Frameworks";
			outputFileListPaths = (
				"${PODS_ROOT}/Target Support Files/Pods-GetCurrency-GetCurrencyUITests/Pods-GetCurrency-GetCurrencyUITests-frameworks-${CONFIGURATION}-output-files.xcfilelist",
			);
			runOnlyForDeploymentPostprocessing = 0;
			shellPath = /bin/sh;
			shellScript = "\"${PODS_ROOT}/Target Support Files/Pods-GetCurrency-GetCurrencyUITests/Pods-GetCurrency-GetCurrencyUITests-frameworks.sh\"\n";
			showEnvVarsInLog = 0;
		};
/* End PBXShellScriptBuildPhase section */

/* Begin PBXSourcesBuildPhase section */
		1E8E1CC92309542700E8A8B4 /* Sources */ = {
			isa = PBXSourcesBuildPhase;
			buildActionMask = 2147483647;
			files = (
				1EF15FBE230C4894008A0088 /* ExchangedCurrency.swift in Sources */,
				1E8E1CD32309542700E8A8B4 /* CurrencyViewController.swift in Sources */,
				1EF15FBB230ACFB7008A0088 /* CurrencyViewModel.swift in Sources */,
				1EF15FE0230D8D22008A0088 /* APICurrencyRepository.swift in Sources */,
				1EF15FC0230D8C34008A0088 /* CurrencyRepository.swift in Sources */,
				1E8E1CD12309542700E8A8B4 /* AppDelegate.swift in Sources */,
				1EF15FB82309990F008A0088 /* CurrencyCollectionViewCell.swift in Sources */,
				1EF15FB623098246008A0088 /* CurrencyPickerViewController.swift in Sources */,
			);
			runOnlyForDeploymentPostprocessing = 0;
		};
		1E8E1CDD2309542800E8A8B4 /* Sources */ = {
			isa = PBXSourcesBuildPhase;
			buildActionMask = 2147483647;
			files = (
				1E8E1CE62309542800E8A8B4 /* GetCurrencyTests.swift in Sources */,
			);
			runOnlyForDeploymentPostprocessing = 0;
		};
		1E8E1CE82309542800E8A8B4 /* Sources */ = {
			isa = PBXSourcesBuildPhase;
			buildActionMask = 2147483647;
			files = (
				1E8E1CF12309542800E8A8B4 /* GetCurrencyUITests.swift in Sources */,
			);
			runOnlyForDeploymentPostprocessing = 0;
		};
/* End PBXSourcesBuildPhase section */

/* Begin PBXTargetDependency section */
		1E8E1CE32309542800E8A8B4 /* PBXTargetDependency */ = {
			isa = PBXTargetDependency;
			target = 1E8E1CCC2309542700E8A8B4 /* GetCurrency */;
			targetProxy = 1E8E1CE22309542800E8A8B4 /* PBXContainerItemProxy */;
		};
		1E8E1CEE2309542800E8A8B4 /* PBXTargetDependency */ = {
			isa = PBXTargetDependency;
			target = 1E8E1CCC2309542700E8A8B4 /* GetCurrency */;
			targetProxy = 1E8E1CED2309542800E8A8B4 /* PBXContainerItemProxy */;
		};
/* End PBXTargetDependency section */

/* Begin PBXVariantGroup section */
		1E8E1CD42309542700E8A8B4 /* Main.storyboard */ = {
			isa = PBXVariantGroup;
			children = (
				1E8E1CD52309542700E8A8B4 /* Base */,
			);
			name = Main.storyboard;
			sourceTree = "<group>";
		};
		1E8E1CD92309542800E8A8B4 /* LaunchScreen.storyboard */ = {
			isa = PBXVariantGroup;
			children = (
				1E8E1CDA2309542800E8A8B4 /* Base */,
			);
			name = LaunchScreen.storyboard;
			sourceTree = "<group>";
		};
/* End PBXVariantGroup section */

/* Begin XCBuildConfiguration section */
		1E8E1CF32309542800E8A8B4 /* Debug */ = {
			isa = XCBuildConfiguration;
			buildSettings = {
				ALWAYS_SEARCH_USER_PATHS = NO;
				CLANG_ANALYZER_NONNULL = YES;
				CLANG_ANALYZER_NUMBER_OBJECT_CONVERSION = YES_AGGRESSIVE;
				CLANG_CXX_LANGUAGE_STANDARD = "gnu++14";
				CLANG_CXX_LIBRARY = "libc++";
				CLANG_ENABLE_MODULES = YES;
				CLANG_ENABLE_OBJC_ARC = YES;
				CLANG_ENABLE_OBJC_WEAK = YES;
				CLANG_WARN_BLOCK_CAPTURE_AUTORELEASING = YES;
				CLANG_WARN_BOOL_CONVERSION = YES;
				CLANG_WARN_COMMA = YES;
				CLANG_WARN_CONSTANT_CONVERSION = YES;
				CLANG_WARN_DEPRECATED_OBJC_IMPLEMENTATIONS = YES;
				CLANG_WARN_DIRECT_OBJC_ISA_USAGE = YES_ERROR;
				CLANG_WARN_DOCUMENTATION_COMMENTS = YES;
				CLANG_WARN_EMPTY_BODY = YES;
				CLANG_WARN_ENUM_CONVERSION = YES;
				CLANG_WARN_INFINITE_RECURSION = YES;
				CLANG_WARN_INT_CONVERSION = YES;
				CLANG_WARN_NON_LITERAL_NULL_CONVERSION = YES;
				CLANG_WARN_OBJC_IMPLICIT_RETAIN_SELF = YES;
				CLANG_WARN_OBJC_LITERAL_CONVERSION = YES;
				CLANG_WARN_OBJC_ROOT_CLASS = YES_ERROR;
				CLANG_WARN_RANGE_LOOP_ANALYSIS = YES;
				CLANG_WARN_STRICT_PROTOTYPES = YES;
				CLANG_WARN_SUSPICIOUS_MOVE = YES;
				CLANG_WARN_UNGUARDED_AVAILABILITY = YES_AGGRESSIVE;
				CLANG_WARN_UNREACHABLE_CODE = YES;
				CLANG_WARN__DUPLICATE_METHOD_MATCH = YES;
				CODE_SIGN_IDENTITY = "iPhone Developer";
				COPY_PHASE_STRIP = NO;
				DEBUG_INFORMATION_FORMAT = dwarf;
				ENABLE_STRICT_OBJC_MSGSEND = YES;
				ENABLE_TESTABILITY = YES;
				GCC_C_LANGUAGE_STANDARD = gnu11;
				GCC_DYNAMIC_NO_PIC = NO;
				GCC_NO_COMMON_BLOCKS = YES;
				GCC_OPTIMIZATION_LEVEL = 0;
				GCC_PREPROCESSOR_DEFINITIONS = (
					"DEBUG=1",
					"$(inherited)",
				);
				GCC_WARN_64_TO_32_BIT_CONVERSION = YES;
				GCC_WARN_ABOUT_RETURN_TYPE = YES_ERROR;
				GCC_WARN_UNDECLARED_SELECTOR = YES;
				GCC_WARN_UNINITIALIZED_AUTOS = YES_AGGRESSIVE;
				GCC_WARN_UNUSED_FUNCTION = YES;
				GCC_WARN_UNUSED_VARIABLE = YES;
				IPHONEOS_DEPLOYMENT_TARGET = 12.4;
				MTL_ENABLE_DEBUG_INFO = INCLUDE_SOURCE;
				MTL_FAST_MATH = YES;
				ONLY_ACTIVE_ARCH = YES;
				SDKROOT = iphoneos;
				SWIFT_ACTIVE_COMPILATION_CONDITIONS = DEBUG;
				SWIFT_OPTIMIZATION_LEVEL = "-Onone";
			};
			name = Debug;
		};
		1E8E1CF42309542800E8A8B4 /* Release */ = {
			isa = XCBuildConfiguration;
			buildSettings = {
				ALWAYS_SEARCH_USER_PATHS = NO;
				CLANG_ANALYZER_NONNULL = YES;
				CLANG_ANALYZER_NUMBER_OBJECT_CONVERSION = YES_AGGRESSIVE;
				CLANG_CXX_LANGUAGE_STANDARD = "gnu++14";
				CLANG_CXX_LIBRARY = "libc++";
				CLANG_ENABLE_MODULES = YES;
				CLANG_ENABLE_OBJC_ARC = YES;
				CLANG_ENABLE_OBJC_WEAK = YES;
				CLANG_WARN_BLOCK_CAPTURE_AUTORELEASING = YES;
				CLANG_WARN_BOOL_CONVERSION = YES;
				CLANG_WARN_COMMA = YES;
				CLANG_WARN_CONSTANT_CONVERSION = YES;
				CLANG_WARN_DEPRECATED_OBJC_IMPLEMENTATIONS = YES;
				CLANG_WARN_DIRECT_OBJC_ISA_USAGE = YES_ERROR;
				CLANG_WARN_DOCUMENTATION_COMMENTS = YES;
				CLANG_WARN_EMPTY_BODY = YES;
				CLANG_WARN_ENUM_CONVERSION = YES;
				CLANG_WARN_INFINITE_RECURSION = YES;
				CLANG_WARN_INT_CONVERSION = YES;
				CLANG_WARN_NON_LITERAL_NULL_CONVERSION = YES;
				CLANG_WARN_OBJC_IMPLICIT_RETAIN_SELF = YES;
				CLANG_WARN_OBJC_LITERAL_CONVERSION = YES;
				CLANG_WARN_OBJC_ROOT_CLASS = YES_ERROR;
				CLANG_WARN_RANGE_LOOP_ANALYSIS = YES;
				CLANG_WARN_STRICT_PROTOTYPES = YES;
				CLANG_WARN_SUSPICIOUS_MOVE = YES;
				CLANG_WARN_UNGUARDED_AVAILABILITY = YES_AGGRESSIVE;
				CLANG_WARN_UNREACHABLE_CODE = YES;
				CLANG_WARN__DUPLICATE_METHOD_MATCH = YES;
				CODE_SIGN_IDENTITY = "iPhone Developer";
				COPY_PHASE_STRIP = NO;
				DEBUG_INFORMATION_FORMAT = "dwarf-with-dsym";
				ENABLE_NS_ASSERTIONS = NO;
				ENABLE_STRICT_OBJC_MSGSEND = YES;
				GCC_C_LANGUAGE_STANDARD = gnu11;
				GCC_NO_COMMON_BLOCKS = YES;
				GCC_WARN_64_TO_32_BIT_CONVERSION = YES;
				GCC_WARN_ABOUT_RETURN_TYPE = YES_ERROR;
				GCC_WARN_UNDECLARED_SELECTOR = YES;
				GCC_WARN_UNINITIALIZED_AUTOS = YES_AGGRESSIVE;
				GCC_WARN_UNUSED_FUNCTION = YES;
				GCC_WARN_UNUSED_VARIABLE = YES;
				IPHONEOS_DEPLOYMENT_TARGET = 12.4;
				MTL_ENABLE_DEBUG_INFO = NO;
				MTL_FAST_MATH = YES;
				SDKROOT = iphoneos;
				SWIFT_COMPILATION_MODE = wholemodule;
				SWIFT_OPTIMIZATION_LEVEL = "-O";
				VALIDATE_PRODUCT = YES;
			};
			name = Release;
		};
		1E8E1CF62309542800E8A8B4 /* Debug */ = {
			isa = XCBuildConfiguration;
			baseConfigurationReference = E8C67F83A7CB7D2594487BA2 /* Pods-GetCurrency.debug.xcconfig */;
			buildSettings = {
				ASSETCATALOG_COMPILER_APPICON_NAME = AppIcon;
				CODE_SIGN_STYLE = Automatic;
				DEVELOPMENT_TEAM = HSPXR438P9;
				INFOPLIST_FILE = GetCurrency/Info.plist;
				LD_RUNPATH_SEARCH_PATHS = (
					"$(inherited)",
					"@executable_path/Frameworks",
				);
				PRODUCT_BUNDLE_IDENTIFIER = com.koukilab.GetCurrency;
				PRODUCT_NAME = "$(TARGET_NAME)";
				SWIFT_VERSION = 5.0;
				TARGETED_DEVICE_FAMILY = "1,2";
			};
			name = Debug;
		};
		1E8E1CF72309542800E8A8B4 /* Release */ = {
			isa = XCBuildConfiguration;
			baseConfigurationReference = C330ADE3ACCAF5961C71FAB0 /* Pods-GetCurrency.release.xcconfig */;
			buildSettings = {
				ASSETCATALOG_COMPILER_APPICON_NAME = AppIcon;
				CODE_SIGN_STYLE = Automatic;
				DEVELOPMENT_TEAM = HSPXR438P9;
				INFOPLIST_FILE = GetCurrency/Info.plist;
				LD_RUNPATH_SEARCH_PATHS = (
					"$(inherited)",
					"@executable_path/Frameworks",
				);
				PRODUCT_BUNDLE_IDENTIFIER = com.koukilab.GetCurrency;
				PRODUCT_NAME = "$(TARGET_NAME)";
				SWIFT_VERSION = 5.0;
				TARGETED_DEVICE_FAMILY = "1,2";
			};
			name = Release;
		};
		1E8E1CF92309542800E8A8B4 /* Debug */ = {
			isa = XCBuildConfiguration;
			baseConfigurationReference = B1881528F6C2E53431059996 /* Pods-GetCurrencyTests.debug.xcconfig */;
			buildSettings = {
				ALWAYS_EMBED_SWIFT_STANDARD_LIBRARIES = YES;
				BUNDLE_LOADER = "$(TEST_HOST)";
				CODE_SIGN_STYLE = Automatic;
				DEVELOPMENT_TEAM = HSPXR438P9;
				INFOPLIST_FILE = GetCurrencyTests/Info.plist;
				LD_RUNPATH_SEARCH_PATHS = (
					"$(inherited)",
					"@executable_path/Frameworks",
					"@loader_path/Frameworks",
				);
				PRODUCT_BUNDLE_IDENTIFIER = com.koukilab.GetCurrencyTests;
				PRODUCT_NAME = "$(TARGET_NAME)";
				SWIFT_VERSION = 5.0;
				TARGETED_DEVICE_FAMILY = "1,2";
				TEST_HOST = "$(BUILT_PRODUCTS_DIR)/GetCurrency.app/GetCurrency";
			};
			name = Debug;
		};
		1E8E1CFA2309542800E8A8B4 /* Release */ = {
			isa = XCBuildConfiguration;
			baseConfigurationReference = 2EB841DFAC0FAAD8C67141AA /* Pods-GetCurrencyTests.release.xcconfig */;
			buildSettings = {
				ALWAYS_EMBED_SWIFT_STANDARD_LIBRARIES = YES;
				BUNDLE_LOADER = "$(TEST_HOST)";
				CODE_SIGN_STYLE = Automatic;
				DEVELOPMENT_TEAM = HSPXR438P9;
				INFOPLIST_FILE = GetCurrencyTests/Info.plist;
				LD_RUNPATH_SEARCH_PATHS = (
					"$(inherited)",
					"@executable_path/Frameworks",
					"@loader_path/Frameworks",
				);
				PRODUCT_BUNDLE_IDENTIFIER = com.koukilab.GetCurrencyTests;
				PRODUCT_NAME = "$(TARGET_NAME)";
				SWIFT_VERSION = 5.0;
				TARGETED_DEVICE_FAMILY = "1,2";
				TEST_HOST = "$(BUILT_PRODUCTS_DIR)/GetCurrency.app/GetCurrency";
			};
			name = Release;
		};
		1E8E1CFC2309542800E8A8B4 /* Debug */ = {
			isa = XCBuildConfiguration;
			baseConfigurationReference = B1FE79712F128448A53A2933 /* Pods-GetCurrency-GetCurrencyUITests.debug.xcconfig */;
			buildSettings = {
				ALWAYS_EMBED_SWIFT_STANDARD_LIBRARIES = YES;
				CODE_SIGN_STYLE = Automatic;
				DEVELOPMENT_TEAM = HSPXR438P9;
				INFOPLIST_FILE = GetCurrencyUITests/Info.plist;
				LD_RUNPATH_SEARCH_PATHS = (
					"$(inherited)",
					"@executable_path/Frameworks",
					"@loader_path/Frameworks",
				);
				PRODUCT_BUNDLE_IDENTIFIER = com.koukilab.GetCurrencyUITests;
				PRODUCT_NAME = "$(TARGET_NAME)";
				SWIFT_VERSION = 5.0;
				TARGETED_DEVICE_FAMILY = "1,2";
				TEST_TARGET_NAME = GetCurrency;
			};
			name = Debug;
		};
		1E8E1CFD2309542800E8A8B4 /* Release */ = {
			isa = XCBuildConfiguration;
			baseConfigurationReference = 5F4E20EFD2F5FDDC51FB17EC /* Pods-GetCurrency-GetCurrencyUITests.release.xcconfig */;
			buildSettings = {
				ALWAYS_EMBED_SWIFT_STANDARD_LIBRARIES = YES;
				CODE_SIGN_STYLE = Automatic;
				DEVELOPMENT_TEAM = HSPXR438P9;
				INFOPLIST_FILE = GetCurrencyUITests/Info.plist;
				LD_RUNPATH_SEARCH_PATHS = (
					"$(inherited)",
					"@executable_path/Frameworks",
					"@loader_path/Frameworks",
				);
				PRODUCT_BUNDLE_IDENTIFIER = com.koukilab.GetCurrencyUITests;
				PRODUCT_NAME = "$(TARGET_NAME)";
				SWIFT_VERSION = 5.0;
				TARGETED_DEVICE_FAMILY = "1,2";
				TEST_TARGET_NAME = GetCurrency;
			};
			name = Release;
		};
/* End XCBuildConfiguration section */

/* Begin XCConfigurationList section */
		1E8E1CC82309542700E8A8B4 /* Build configuration list for PBXProject "GetCurrency" */ = {
			isa = XCConfigurationList;
			buildConfigurations = (
				1E8E1CF32309542800E8A8B4 /* Debug */,
				1E8E1CF42309542800E8A8B4 /* Release */,
			);
			defaultConfigurationIsVisible = 0;
			defaultConfigurationName = Release;
		};
		1E8E1CF52309542800E8A8B4 /* Build configuration list for PBXNativeTarget "GetCurrency" */ = {
			isa = XCConfigurationList;
			buildConfigurations = (
				1E8E1CF62309542800E8A8B4 /* Debug */,
				1E8E1CF72309542800E8A8B4 /* Release */,
			);
			defaultConfigurationIsVisible = 0;
			defaultConfigurationName = Release;
		};
		1E8E1CF82309542800E8A8B4 /* Build configuration list for PBXNativeTarget "GetCurrencyTests" */ = {
			isa = XCConfigurationList;
			buildConfigurations = (
				1E8E1CF92309542800E8A8B4 /* Debug */,
				1E8E1CFA2309542800E8A8B4 /* Release */,
			);
			defaultConfigurationIsVisible = 0;
			defaultConfigurationName = Release;
		};
		1E8E1CFB2309542800E8A8B4 /* Build configuration list for PBXNativeTarget "GetCurrencyUITests" */ = {
			isa = XCConfigurationList;
			buildConfigurations = (
				1E8E1CFC2309542800E8A8B4 /* Debug */,
				1E8E1CFD2309542800E8A8B4 /* Release */,
			);
			defaultConfigurationIsVisible = 0;
			defaultConfigurationName = Release;
		};
/* End XCConfigurationList section */
	};
	rootObject = 1E8E1CC52309542700E8A8B4 /* Project object */;
}
